
Microsoft Visual Studio Solution File, Format Version 12.00
# Visual Studio Version 16
VisualStudioVersion = 16.0.30204.135
MinimumVisualStudioVersion = 10.0.40219.1
Project("{9A19103F-16F7-4668-BE54-9A1E7A4F7556}") = "co2-calculation", "co2-calculation.csproj", "{76ED9CB8-0FD0-4EA2-BCB8-D39264E0BBBC}"
EndProject
Project("{9A19103F-16F7-4668-BE54-9A1E7A4F7556}") = "co2-calculation-test", "..\co2-calculation-test\co2-calculation-test.csproj", "{F489CCE4-57EB-4703-B6DB-166416BB3C07}"
EndProject
Global
	GlobalSection(SolutionConfigurationPlatforms) = preSolution
		Debug|Any CPU = Debug|Any CPU
		Release|Any CPU = Release|Any CPU
	EndGlobalSection
	GlobalSection(ProjectConfigurationPlatforms) = postSolution
		{76ED9CB8-0FD0-4EA2-BCB8-D39264E0BBBC}.Debug|Any CPU.ActiveCfg = Debug|Any CPU
		{76ED9CB8-0FD0-4EA2-BCB8-D39264E0BBBC}.Debug|Any CPU.Build.0 = Debug|Any CPU
		{76ED9CB8-0FD0-4EA2-BCB8-D39264E0BBBC}.Release|Any CPU.ActiveCfg = Release|Any CPU
		{76ED9CB8-0FD0-4EA2-BCB8-D39264E0BBBC}.Release|Any CPU.Build.0 = Release|Any CPU
		{F489CCE4-57EB-4703-B6DB-166416BB3C07}.Debug|Any CPU.ActiveCfg = Debug|Any CPU
		{F489CCE4-57EB-4703-B6DB-166416BB3C07}.Debug|Any CPU.Build.0 = Debug|Any CPU
		{F489CCE4-57EB-4703-B6DB-166416BB3C07}.Release|Any CPU.ActiveCfg = Release|Any CPU
		{F489CCE4-57EB-4703-B6DB-166416BB3C07}.Release|Any CPU.Build.0 = Release|Any CPU
	EndGlobalSection
	GlobalSection(SolutionProperties) = preSolution
		HideSolutionNode = FALSE
	EndGlobalSection
	GlobalSection(ExtensibilityGlobals) = postSolution
		SolutionGuid = {B9F0836F-3855-4B25-A603-394E4C3ED703}
	EndGlobalSection
EndGlobal
